
Microsoft Visual Studio Solution File, Format Version 12.00
# Visual Studio Version 16
VisualStudioVersion = 16.0.28803.202
MinimumVisualStudioVersion = 10.0.40219.1
Project("{FAE04EC0-301F-11D3-BF4B-00C04F79EFBC}") = "Store_App_Solid_Principle", "Store_App_Solid_Principle\Store_App_Solid_Principle.csproj", "{F97E88D3-2F44-415E-B084-41348FCA4930}"
EndProject
Project("{FAE04EC0-301F-11D3-BF4B-00C04F79EFBC}") = "Management.Common", "Management.Common\Management.Common.csproj", "{FA6DE235-43FD-47C6-BD0F-6A31C6EED927}"
EndProject
Project("{FAE04EC0-301F-11D3-BF4B-00C04F79EFBC}") = "Management.Model", "Management.Model\Management.Model.csproj", "{B2F48865-1B06-4215-AD9B-F301700A8068}"
EndProject
Project("{FAE04EC0-301F-11D3-BF4B-00C04F79EFBC}") = "Management.UI", "Management.UI\Management.UI.csproj", "{A028B799-8ED6-4E53-97F7-F3AC5842F198}"
EndProject
Project("{FAE04EC0-301F-11D3-BF4B-00C04F79EFBC}") = "Management.BL", "Management.BL\Management.BL.csproj", "{EAFBECDB-388B-4C25-87DC-36B664B116B1}"
EndProject
Global
	GlobalSection(SolutionConfigurationPlatforms) = preSolution
		Debug|Any CPU = Debug|Any CPU
		Release|Any CPU = Release|Any CPU
	EndGlobalSection
	GlobalSection(ProjectConfigurationPlatforms) = postSolution
		{F97E88D3-2F44-415E-B084-41348FCA4930}.Debug|Any CPU.ActiveCfg = Debug|Any CPU
		{F97E88D3-2F44-415E-B084-41348FCA4930}.Debug|Any CPU.Build.0 = Debug|Any CPU
		{F97E88D3-2F44-415E-B084-41348FCA4930}.Release|Any CPU.ActiveCfg = Release|Any CPU
		{F97E88D3-2F44-415E-B084-41348FCA4930}.Release|Any CPU.Build.0 = Release|Any CPU
		{FA6DE235-43FD-47C6-BD0F-6A31C6EED927}.Debug|Any CPU.ActiveCfg = Debug|Any CPU
		{FA6DE235-43FD-47C6-BD0F-6A31C6EED927}.Debug|Any CPU.Build.0 = Debug|Any CPU
		{FA6DE235-43FD-47C6-BD0F-6A31C6EED927}.Release|Any CPU.ActiveCfg = Release|Any CPU
		{FA6DE235-43FD-47C6-BD0F-6A31C6EED927}.Release|Any CPU.Build.0 = Release|Any CPU
		{B2F48865-1B06-4215-AD9B-F301700A8068}.Debug|Any CPU.ActiveCfg = Debug|Any CPU
		{B2F48865-1B06-4215-AD9B-F301700A8068}.Debug|Any CPU.Build.0 = Debug|Any CPU
		{B2F48865-1B06-4215-AD9B-F301700A8068}.Release|Any CPU.ActiveCfg = Release|Any CPU
		{B2F48865-1B06-4215-AD9B-F301700A8068}.Release|Any CPU.Build.0 = Release|Any CPU
		{A028B799-8ED6-4E53-97F7-F3AC5842F198}.Debug|Any CPU.ActiveCfg = Debug|Any CPU
		{A028B799-8ED6-4E53-97F7-F3AC5842F198}.Debug|Any CPU.Build.0 = Debug|Any CPU
		{A028B799-8ED6-4E53-97F7-F3AC5842F198}.Release|Any CPU.ActiveCfg = Release|Any CPU
		{A028B799-8ED6-4E53-97F7-F3AC5842F198}.Release|Any CPU.Build.0 = Release|Any CPU
		{EAFBECDB-388B-4C25-87DC-36B664B116B1}.Debug|Any CPU.ActiveCfg = Debug|Any CPU
		{EAFBECDB-388B-4C25-87DC-36B664B116B1}.Debug|Any CPU.Build.0 = Debug|Any CPU
		{EAFBECDB-388B-4C25-87DC-36B664B116B1}.Release|Any CPU.ActiveCfg = Release|Any CPU
		{EAFBECDB-388B-4C25-87DC-36B664B116B1}.Release|Any CPU.Build.0 = Release|Any CPU
	EndGlobalSection
	GlobalSection(SolutionProperties) = preSolution
		HideSolutionNode = FALSE
	EndGlobalSection
	GlobalSection(ExtensibilityGlobals) = postSolution
		SolutionGuid = {8A20B440-7E82-4F5D-973A-DBE668DD4CD8}
	EndGlobalSection
EndGlobal
